
Microsoft Visual Studio Solution File, Format Version 12.00
# Visual Studio Version 16
VisualStudioVersion = 16.0.34031.81
MinimumVisualStudioVersion = 10.0.40219.1
Project("{FAE04EC0-301F-11D3-BF4B-00C04F79EFBC}") = "LabGit project", "LabGit project\LabGit project.csproj", "{F251444F-8402-4AC6-9692-E57A5442C020}"
EndProject
Global
	GlobalSection(SolutionConfigurationPlatforms) = preSolution
		Debug|Any CPU = Debug|Any CPU
		Release|Any CPU = Release|Any CPU
	EndGlobalSection
	GlobalSection(ProjectConfigurationPlatforms) = postSolution
		{F251444F-8402-4AC6-9692-E57A5442C020}.Debug|Any CPU.ActiveCfg = Debug|Any CPU
		{F251444F-8402-4AC6-9692-E57A5442C020}.Debug|Any CPU.Build.0 = Debug|Any CPU
		{F251444F-8402-4AC6-9692-E57A5442C020}.Release|Any CPU.ActiveCfg = Release|Any CPU
		{F251444F-8402-4AC6-9692-E57A5442C020}.Release|Any CPU.Build.0 = Release|Any CPU
	EndGlobalSection
	GlobalSection(SolutionProperties) = preSolution
		HideSolutionNode = FALSE
	EndGlobalSection
	GlobalSection(ExtensibilityGlobals) = postSolution
		SolutionGuid = {EA415904-F823-415E-AA00-9B170F2FF214}
	EndGlobalSection
EndGlobal
